<?xml version="1.0" encoding="utf-8"?>
<Project ToolsVersion="4.0" xmlns="http://schemas.microsoft.com/developer/msbuild/2003">
  <ItemGroup>
    <Filter Include="리소스 파일">
      <UniqueIdentifier>{67DA6AB6-F800-4c08-8B7A-83BB121AAD01}</UniqueIdentifier>
      <Extensions>rc;ico;cur;bmp;dlg;rc2;rct;bin;rgs;gif;jpg;jpeg;jpe;resx;tiff;tif;png;wav;mfcribbon-ms</Extensions>
    </Filter>
    <Filter Include="Engine">
      <UniqueIdentifier>{8bad4304-c32a-48ef-bcf0-36a6875db7c5}</UniqueIdentifier>
    </Filter>
    <Filter Include="Default">
      <UniqueIdentifier>{729de028-2ec8-4107-bc6e-7290260ba2ed}</UniqueIdentifier>
    </Filter>
    <Filter Include="Engine\01. Header">
      <UniqueIdentifier>{f744c4df-5058-41af-9b15-8a55b359a55b}</UniqueIdentifier>
    </Filter>
    <Filter Include="Engine\02. Core">
      <UniqueIdentifier>{36866645-1205-4566-96b5-6cbb1049bb28}</UniqueIdentifier>
    </Filter>
    <Filter Include="Engine\03. Manager">
      <UniqueIdentifier>{25917da2-696d-4deb-98bc-c6aeadebc2bc}</UniqueIdentifier>
    </Filter>
    <Filter Include="Engine\03. Manager\KeyManager">
      <UniqueIdentifier>{316ebba8-e898-442d-8027-c572b60a367e}</UniqueIdentifier>
    </Filter>
    <Filter Include="Engine\03. Manager\TimeManager">
      <UniqueIdentifier>{a185608d-d05f-4722-9f65-1db533791c8e}</UniqueIdentifier>
    </Filter>
    <Filter Include="Engine\04. Object">
      <UniqueIdentifier>{d0ec7a0e-5d77-465a-9b52-6e4c5d19c1cc}</UniqueIdentifier>
    </Filter>
    <Filter Include="Engine\05. Scene">
      <UniqueIdentifier>{38d5afa3-cafa-42db-b060-b79278a5375a}</UniqueIdentifier>
    </Filter>
    <Filter Include="Engine\03. Manager\SceneManager">
      <UniqueIdentifier>{54fae8e8-e326-4516-9d2f-325d02d6cd53}</UniqueIdentifier>
    </Filter>
    <Filter Include="Engine\05. Scene\MainScene">
      <UniqueIdentifier>{778388a4-812c-4f2f-bf25-b2a688d9477f}</UniqueIdentifier>
    </Filter>
    <Filter Include="Engine\04. Object\MainObject">
      <UniqueIdentifier>{98af6e95-a7bc-4285-84a0-cb2e770cefa1}</UniqueIdentifier>
    </Filter>
    <Filter Include="Engine\06. Resource">
      <UniqueIdentifier>{baacb026-a0b3-4c36-87be-c02f2586d26b}</UniqueIdentifier>
    </Filter>
    <Filter Include="Engine\03. Manager\PathMgr">
      <UniqueIdentifier>{74ab55a9-9601-472c-9883-01a8f1f8413f}</UniqueIdentifier>
    </Filter>
    <Filter Include="Engine\03. Manager\ResMgr">
      <UniqueIdentifier>{d478c39a-9d43-4a1b-b9f4-226747582b1c}</UniqueIdentifier>
    </Filter>
    <Filter Include="Engine\07. Component">
      <UniqueIdentifier>{a72219c4-1f53-4d42-868c-88db0b756faf}</UniqueIdentifier>
    </Filter>
    <Filter Include="Engine\03. Manager\CollisionMgr">
      <UniqueIdentifier>{f563c11d-b9a3-47c6-b8ee-28920e51bc3f}</UniqueIdentifier>
    </Filter>
    <Filter Include="Engine\03. Manager\EventMgr">
      <UniqueIdentifier>{c3a341bd-ab64-4942-8210-206b9a88ce9b}</UniqueIdentifier>
    </Filter>
    <Filter Include="Engine\08. Module">
      <UniqueIdentifier>{b8698270-780f-4bb6-bf63-bf69c99fa2ad}</UniqueIdentifier>
    </Filter>
  </ItemGroup>
  <ItemGroup>
    <ClInclude Include="framework.h">
      <Filter>Default</Filter>
    </ClInclude>
    <ClInclude Include="Resource.h">
      <Filter>Default</Filter>
    </ClInclude>
    <ClInclude Include="targetver.h">
      <Filter>Default</Filter>
    </ClInclude>
    <ClInclude Include="Core.h">
      <Filter>Engine\02. Core</Filter>
    </ClInclude>
    <ClInclude Include="define.h">
      <Filter>Engine\01. Header</Filter>
    </ClInclude>
    <ClInclude Include="KeyMgr.h">
      <Filter>Engine\03. Manager\KeyManager</Filter>
    </ClInclude>
    <ClInclude Include="pch.h">
      <Filter>Engine\01. Header</Filter>
    </ClInclude>
    <ClInclude Include="TimeMgr.h">
      <Filter>Engine\03. Manager\TimeManager</Filter>
    </ClInclude>
    <ClInclude Include="BaseWindow.h">
      <Filter>Engine\02. Core</Filter>
    </ClInclude>
    <ClInclude Include="Object.h">
      <Filter>Engine\04. Object</Filter>
    </ClInclude>
    <ClInclude Include="Vec2.h">
      <Filter>Engine\01. Header</Filter>
    </ClInclude>
    <ClInclude Include="enums.h">
      <Filter>Engine\01. Header</Filter>
    </ClInclude>
    <ClInclude Include="Scene.h">
      <Filter>Engine\05. Scene</Filter>
    </ClInclude>
    <ClInclude Include="SceneMgr.h">
      <Filter>Engine\03. Manager\SceneManager</Filter>
    </ClInclude>
    <ClInclude Include="Game_Scene.h">
      <Filter>Engine\05. Scene\MainScene</Filter>
    </ClInclude>
    <ClInclude Include="Start_Scene.h">
      <Filter>Engine\05. Scene\MainScene</Filter>
    </ClInclude>
    <ClInclude Include="Player.h">
      <Filter>Engine\04. Object\MainObject</Filter>
    </ClInclude>
    <ClInclude Include="Monster.h">
      <Filter>Engine\04. Object\MainObject</Filter>
    </ClInclude>
    <ClInclude Include="Bullet.h">
      <Filter>Engine\04. Object\MainObject</Filter>
    </ClInclude>
    <ClInclude Include="Res.h">
      <Filter>Engine\06. Resource</Filter>
    </ClInclude>
    <ClInclude Include="Texture.h">
      <Filter>Engine\06. Resource</Filter>
    </ClInclude>
    <ClInclude Include="PathMgr.h">
      <Filter>Engine\03. Manager\PathMgr</Filter>
    </ClInclude>
    <ClInclude Include="ResMgr.h">
      <Filter>Engine\03. Manager\ResMgr</Filter>
    </ClInclude>
    <ClInclude Include="Collider.h">
      <Filter>Engine\07. Component</Filter>
    </ClInclude>
    <ClInclude Include="SelectGDI.h">
      <Filter>Engine\08. Module</Filter>
    </ClInclude>
    <ClInclude Include="CollisionMgr.h">
      <Filter>Engine\03. Manager\CollisionMgr</Filter>
    </ClInclude>
    <ClInclude Include="EventMgr.h">
      <Filter>Engine\03. Manager\EventMgr</Filter>
    </ClInclude>
    <ClInclude Include="Animation.h">
      <Filter>Engine\07. Component</Filter>
    </ClInclude>
    <ClInclude Include="Animator.h">
      <Filter>Engine\07. Component</Filter>
    </ClInclude>
    <ClInclude Include="2023_winapi_framework.h">
      <Filter>Default</Filter>
    </ClInclude>
  </ItemGroup>
  <ItemGroup>
    <ResourceCompile Include="2023_winapi_framework.rc">
      <Filter>리소스 파일</Filter>
    </ResourceCompile>
  </ItemGroup>
  <ItemGroup>
    <Image Include="small.ico">
      <Filter>리소스 파일</Filter>
    </Image>
    <Image Include="2023_winapi_framework.ico">
      <Filter>리소스 파일</Filter>
    </Image>
  </ItemGroup>
  <ItemGroup>
    <ClCompile Include="Core.cpp">
      <Filter>Engine\02. Core</Filter>
    </ClCompile>
    <ClCompile Include="KeyMgr.cpp">
      <Filter>Engine\03. Manager\KeyManager</Filter>
    </ClCompile>
    <ClCompile Include="TimeMgr.cpp">
      <Filter>Engine\03. Manager\TimeManager</Filter>
    </ClCompile>
    <ClCompile Include="BaseWindow.cpp">
      <Filter>Engine\02. Core</Filter>
    </ClCompile>
    <ClCompile Include="Object.cpp">
      <Filter>Engine\04. Object</Filter>
    </ClCompile>
    <ClCompile Include="Vec2.cpp">
      <Filter>Engine\01. Header</Filter>
    </ClCompile>
    <ClCompile Include="Scene.cpp">
      <Filter>Engine\05. Scene</Filter>
    </ClCompile>
    <ClCompile Include="SceneMgr.cpp">
      <Filter>Engine\03. Manager\SceneManager</Filter>
    </ClCompile>
    <ClCompile Include="Game_Scene.cpp">
      <Filter>Engine\05. Scene\MainScene</Filter>
    </ClCompile>
    <ClCompile Include="Start_Scene.cpp">
      <Filter>Engine\05. Scene\MainScene</Filter>
    </ClCompile>
    <ClCompile Include="main.cpp">
      <Filter>Engine\02. Core</Filter>
    </ClCompile>
    <ClCompile Include="Player.cpp">
      <Filter>Engine\04. Object\MainObject</Filter>
    </ClCompile>
    <ClCompile Include="Bullet.cpp">
      <Filter>Engine\04. Object\MainObject</Filter>
    </ClCompile>
    <ClCompile Include="Monster.cpp">
      <Filter>Engine\04. Object\MainObject</Filter>
    </ClCompile>
    <ClCompile Include="Res.cpp">
      <Filter>Engine\06. Resource</Filter>
    </ClCompile>
    <ClCompile Include="Texture.cpp">
      <Filter>Engine\06. Resource</Filter>
    </ClCompile>
    <ClCompile Include="PathMgr.cpp">
      <Filter>Engine\03. Manager\PathMgr</Filter>
    </ClCompile>
    <ClCompile Include="ResMgr.cpp">
      <Filter>Engine\03. Manager\ResMgr</Filter>
    </ClCompile>
    <ClCompile Include="Collider.cpp">
      <Filter>Engine\07. Component</Filter>
    </ClCompile>
    <ClCompile Include="SelectGDI.cpp">
      <Filter>Engine\08. Module</Filter>
    </ClCompile>
    <ClCompile Include="CollisionMgr.cpp">
      <Filter>Engine\03. Manager\CollisionMgr</Filter>
    </ClCompile>
    <ClCompile Include="EventMgr.cpp">
      <Filter>Engine\03. Manager\EventMgr</Filter>
    </ClCompile>
    <ClCompile Include="Animation.cpp">
      <Filter>Engine\07. Component</Filter>
    </ClCompile>
    <ClCompile Include="Animator.cpp">
      <Filter>Engine\07. Component</Filter>
    </ClCompile>
  </ItemGroup>
</Project>